
Microsoft Visual Studio Solution File, Format Version 12.00
# Visual Studio Version 16
VisualStudioVersion = 16.0.29613.14
MinimumVisualStudioVersion = 10.0.40219.1
Project("{FAE04EC0-301F-11D3-BF4B-00C04F79EFBC}") = "WebAPI_Ex_5", "WebAPI_Ex_5\WebAPI_Ex_5.csproj", "{2372CE7F-C4F5-4AA5-BA54-0AABE5D8205B}"
EndProject
Global
	GlobalSection(SolutionConfigurationPlatforms) = preSolution
		Debug|Any CPU = Debug|Any CPU
		Release|Any CPU = Release|Any CPU
	EndGlobalSection
	GlobalSection(ProjectConfigurationPlatforms) = postSolution
		{2372CE7F-C4F5-4AA5-BA54-0AABE5D8205B}.Debug|Any CPU.ActiveCfg = Debug|Any CPU
		{2372CE7F-C4F5-4AA5-BA54-0AABE5D8205B}.Debug|Any CPU.Build.0 = Debug|Any CPU
		{2372CE7F-C4F5-4AA5-BA54-0AABE5D8205B}.Release|Any CPU.ActiveCfg = Release|Any CPU
		{2372CE7F-C4F5-4AA5-BA54-0AABE5D8205B}.Release|Any CPU.Build.0 = Release|Any CPU
	EndGlobalSection
	GlobalSection(SolutionProperties) = preSolution
		HideSolutionNode = FALSE
	EndGlobalSection
	GlobalSection(ExtensibilityGlobals) = postSolution
		SolutionGuid = {46FC6EFC-8D7D-4A76-82C5-870BF3B9CCFF}
	EndGlobalSection
EndGlobal
